{
  "nodes": {
    "darwin": {
      "inputs": {
        "nixpkgs": [
          "nixpkgs"
        ]
      },
      "locked": {
        "lastModified": 1719845423,
        "narHash": "sha256-ZLHDmWAsHQQKnmfyhYSHJDlt8Wfjv6SQhl2qek42O7A=",
        "owner": "lnl7",
        "repo": "nix-darwin",
        "rev": "ec12b88104d6c117871fad55e931addac4626756",
        "type": "github"
      },
      "original": {
        "owner": "lnl7",
        "repo": "nix-darwin",
        "type": "github"
      }
    },
    "home-manager": {
      "inputs": {
        "nixpkgs": [
          "nixpkgs"
        ]
      },
      "locked": {
        "lastModified": 1720045378,
        "narHash": "sha256-lmE7B+QXw7lWdBu5GQlUABSpzPk3YBb9VbV+IYK5djk=",
        "owner": "nix-community",
        "repo": "home-manager",
        "rev": "0a30138c694ab3b048ac300794c2eb599dc40266",
        "type": "github"
      },
      "original": {
        "owner": "nix-community",
        "repo": "home-manager",
        "type": "github"
      }
    },
    "mkalias": {
      "inputs": {
        "nixpkgs": [
          "nixpkgs"
        ]
      },
      "locked": {
        "lastModified": 1678761502,
        "narHash": "sha256-tL3C/b2BPOGQpV287wECDCDWmKwwPvezAAN3qz7N07M=",
        "owner": "reckenrode",
        "repo": "mkalias",
        "rev": "8a5478cdb646f137ebc53cb9d235f8e5892ea00a",
        "type": "github"
      },
      "original": {
        "owner": "reckenrode",
        "repo": "mkalias",
        "type": "github"
      }
    },
    "nix-index-database": {
      "inputs": {
        "nixpkgs": [
          "nixpkgs"
        ]
      },
      "locked": {
        "lastModified": 1719832725,
        "narHash": "sha256-dr8DkeS74KVNTgi8BE0BiUKALb+EKlMIV86G2xPYO64=",
        "owner": "nix-community",
        "repo": "nix-index-database",
        "rev": "2917972ed34ce292309b3a4976286f8b5c08db27",
        "type": "github"
      },
      "original": {
        "owner": "nix-community",
        "repo": "nix-index-database",
        "type": "github"
      }
    },
    "nixos-hardware": {
      "locked": {
        "lastModified": 1719895800,
        "narHash": "sha256-xNbjISJTFailxass4LmdWeV4jNhAlmJPwj46a/GxE6M=",
        "owner": "NixOS",
        "repo": "nixos-hardware",
        "rev": "6e253f12b1009053eff5344be5e835f604bb64cd",
        "type": "github"
      },
      "original": {
        "owner": "NixOS",
        "ref": "master",
        "repo": "nixos-hardware",
        "type": "github"
      }
    },
    "nixpkgs": {
      "locked": {
        "lastModified": 1720119010,
        "narHash": "sha256-h1Z/wHsw8FEYX+NmLDy2RsPG3hqJYX6ZEEsemvwOC60=",
        "owner": "nixos",
        "repo": "nixpkgs",
        "rev": "34556e5376cc6562d4b1d55f338c1e6a6110b253",
        "type": "github"
      },
      "original": {
        "owner": "nixos",
        "repo": "nixpkgs",
        "type": "github"
      }
    },
    "nur": {
      "locked": {
        "lastModified": 1720118156,
        "narHash": "sha256-Be+e9oq4fMJIfMg+fhXWvNOs/0D1P08e4dmC83uiNPA=",
        "owner": "nix-community",
        "repo": "NUR",
        "rev": "6d00ff1fea7e85cb5977feaa972fd0fc084f8293",
        "type": "github"
      },
      "original": {
        "owner": "nix-community",
        "repo": "NUR",
        "type": "github"
      }
    },
    "root": {
      "inputs": {
        "darwin": "darwin",
        "home-manager": "home-manager",
        "mkalias": "mkalias",
        "nix-index-database": "nix-index-database",
        "nixos-hardware": "nixos-hardware",
        "nixpkgs": "nixpkgs",
        "nur": "nur"
      }
    }
  },
  "root": "root",
  "version": 7
}
